
Microsoft Visual Studio Solution File, Format Version 12.00
# Visual Studio 15
VisualStudioVersion = 15.0.28010.2048
MinimumVisualStudioVersion = 10.0.40219.1
Project("{FAE04EC0-301F-11D3-BF4B-00C04F79EFBC}") = "JenkinsWebApp", "JenkinsWebApp\JenkinsWebApp.csproj", "{0F2EF3CC-9A0E-49F5-9088-717EA3370127}"
EndProject
Project("{FAE04EC0-301F-11D3-BF4B-00C04F79EFBC}") = "JenkinsWebApp.Tests", "JenkinsWebApp.Tests\JenkinsWebApp.Tests.csproj", "{EC67278A-8E5A-4999-83EB-98CB710BC185}"
EndProject
Global
	GlobalSection(SolutionConfigurationPlatforms) = preSolution
		Debug|Any CPU = Debug|Any CPU
		Release|Any CPU = Release|Any CPU
	EndGlobalSection
	GlobalSection(ProjectConfigurationPlatforms) = postSolution
		{0F2EF3CC-9A0E-49F5-9088-717EA3370127}.Debug|Any CPU.ActiveCfg = Debug|Any CPU
		{0F2EF3CC-9A0E-49F5-9088-717EA3370127}.Debug|Any CPU.Build.0 = Debug|Any CPU
		{0F2EF3CC-9A0E-49F5-9088-717EA3370127}.Release|Any CPU.ActiveCfg = Release|Any CPU
		{0F2EF3CC-9A0E-49F5-9088-717EA3370127}.Release|Any CPU.Build.0 = Release|Any CPU
		{EC67278A-8E5A-4999-83EB-98CB710BC185}.Debug|Any CPU.ActiveCfg = Debug|Any CPU
		{EC67278A-8E5A-4999-83EB-98CB710BC185}.Debug|Any CPU.Build.0 = Debug|Any CPU
		{EC67278A-8E5A-4999-83EB-98CB710BC185}.Release|Any CPU.ActiveCfg = Release|Any CPU
		{EC67278A-8E5A-4999-83EB-98CB710BC185}.Release|Any CPU.Build.0 = Release|Any CPU
	EndGlobalSection
	GlobalSection(SolutionProperties) = preSolution
		HideSolutionNode = FALSE
	EndGlobalSection
	GlobalSection(ExtensibilityGlobals) = postSolution
		SolutionGuid = {11415966-54AE-43DE-8D45-5D3704CF2BF1}
	EndGlobalSection
EndGlobal
